// !$*UTF8*$!
{
	archiveVersion = 1;
	classes = {
	};
	objectVersion = 51;
	objects = {

/* Begin PBXBuildFile section */
		976AB39526493493000A5AFD /* AppDelegate.swift in Sources */ = {isa = PBXBuildFile; fileRef = 976AB39426493493000A5AFD /* AppDelegate.swift */; };
		976AB39726493493000A5AFD /* SceneDelegate.swift in Sources */ = {isa = PBXBuildFile; fileRef = 976AB39626493493000A5AFD /* SceneDelegate.swift */; };
		976AB39926493493000A5AFD /* ViewController.swift in Sources */ = {isa = PBXBuildFile; fileRef = 976AB39826493493000A5AFD /* ViewController.swift */; };
		976AB39C26493493000A5AFD /* Main.storyboard in Resources */ = {isa = PBXBuildFile; fileRef = 976AB39A26493493000A5AFD /* Main.storyboard */; };
		976AB39E26493494000A5AFD /* Assets.xcassets in Resources */ = {isa = PBXBuildFile; fileRef = 976AB39D26493494000A5AFD /* Assets.xcassets */; };
		976AB3A126493494000A5AFD /* LaunchScreen.storyboard in Resources */ = {isa = PBXBuildFile; fileRef = 976AB39F26493494000A5AFD /* LaunchScreen.storyboard */; };
		97E1F4202649365F007011FB /* Entity.swift in Sources */ = {isa = PBXBuildFile; fileRef = 97E1F41F2649365F007011FB /* Entity.swift */; };
		97E1F42326493727007011FB /* RealmStorage.swift in Sources */ = {isa = PBXBuildFile; fileRef = 97E1F42226493727007011FB /* RealmStorage.swift */; };
		97E1F4282649375E007011FB /* RealmStorage+Version.swift in Sources */ = {isa = PBXBuildFile; fileRef = 97E1F4272649375E007011FB /* RealmStorage+Version.swift */; };
		97E1F43D26493EA8007011FB /* EntitiesDataService.swift in Sources */ = {isa = PBXBuildFile; fileRef = 97E1F43C26493EA8007011FB /* EntitiesDataService.swift */; };
		B3691D6C204AA0EAEF6F9DF5 /* Pods_realm_test.framework in Frameworks */ = {isa = PBXBuildFile; fileRef = F3762BF9248A20BDC3568D05 /* Pods_realm_test.framework */; };
/* End PBXBuildFile section */

/* Begin PBXFileReference section */
		2D064EF5540A704F1B88A110 /* Pods-realm-test.debug.xcconfig */ = {isa = PBXFileReference; includeInIndex = 1; lastKnownFileType = text.xcconfig; name = "Pods-realm-test.debug.xcconfig"; path = "Target Support Files/Pods-realm-test/Pods-realm-test.debug.xcconfig"; sourceTree = "<group>"; };
		976AB39126493493000A5AFD /* realm-test.app */ = {isa = PBXFileReference; explicitFileType = wrapper.application; includeInIndex = 0; path = "realm-test.app"; sourceTree = BUILT_PRODUCTS_DIR; };
		976AB39426493493000A5AFD /* AppDelegate.swift */ = {isa = PBXFileReference; lastKnownFileType = sourcecode.swift; path = AppDelegate.swift; sourceTree = "<group>"; };
		976AB39626493493000A5AFD /* SceneDelegate.swift */ = {isa = PBXFileReference; lastKnownFileType = sourcecode.swift; path = SceneDelegate.swift; sourceTree = "<group>"; };
		976AB39826493493000A5AFD /* ViewController.swift */ = {isa = PBXFileReference; lastKnownFileType = sourcecode.swift; path = ViewController.swift; sourceTree = "<group>"; };
		976AB39B26493493000A5AFD /* Base */ = {isa = PBXFileReference; lastKnownFileType = file.storyboard; name = Base; path = Base.lproj/Main.storyboard; sourceTree = "<group>"; };
		976AB39D26493494000A5AFD /* Assets.xcassets */ = {isa = PBXFileReference; lastKnownFileType = folder.assetcatalog; path = Assets.xcassets; sourceTree = "<group>"; };
		976AB3A026493494000A5AFD /* Base */ = {isa = PBXFileReference; lastKnownFileType = file.storyboard; name = Base; path = Base.lproj/LaunchScreen.storyboard; sourceTree = "<group>"; };
		976AB3A226493494000A5AFD /* Info.plist */ = {isa = PBXFileReference; lastKnownFileType = text.plist.xml; path = Info.plist; sourceTree = "<group>"; };
		97E1F41F2649365F007011FB /* Entity.swift */ = {isa = PBXFileReference; lastKnownFileType = sourcecode.swift; path = Entity.swift; sourceTree = "<group>"; };
		97E1F42226493727007011FB /* RealmStorage.swift */ = {isa = PBXFileReference; lastKnownFileType = sourcecode.swift; path = RealmStorage.swift; sourceTree = "<group>"; };
		97E1F4272649375E007011FB /* RealmStorage+Version.swift */ = {isa = PBXFileReference; lastKnownFileType = sourcecode.swift; path = "RealmStorage+Version.swift"; sourceTree = "<group>"; };
		97E1F43C26493EA8007011FB /* EntitiesDataService.swift */ = {isa = PBXFileReference; lastKnownFileType = sourcecode.swift; path = EntitiesDataService.swift; sourceTree = "<group>"; };
		EBEE2465F26D3F55078D10BD /* Pods-realm-test.release.xcconfig */ = {isa = PBXFileReference; includeInIndex = 1; lastKnownFileType = text.xcconfig; name = "Pods-realm-test.release.xcconfig"; path = "Target Support Files/Pods-realm-test/Pods-realm-test.release.xcconfig"; sourceTree = "<group>"; };
		F3762BF9248A20BDC3568D05 /* Pods_realm_test.framework */ = {isa = PBXFileReference; explicitFileType = wrapper.framework; includeInIndex = 0; path = Pods_realm_test.framework; sourceTree = BUILT_PRODUCTS_DIR; };
/* End PBXFileReference section */

/* Begin PBXFrameworksBuildPhase section */
		976AB38E26493493000A5AFD /* Frameworks */ = {
			isa = PBXFrameworksBuildPhase;
			buildActionMask = 2147483647;
			files = (
				B3691D6C204AA0EAEF6F9DF5 /* Pods_realm_test.framework in Frameworks */,
			);
			runOnlyForDeploymentPostprocessing = 0;
		};
/* End PBXFrameworksBuildPhase section */

/* Begin PBXGroup section */
		261227B3A588EC9B57D2FB01 /* Frameworks */ = {
			isa = PBXGroup;
			children = (
				F3762BF9248A20BDC3568D05 /* Pods_realm_test.framework */,
			);
			name = Frameworks;
			sourceTree = "<group>";
		};
		3A3E46B8CC6968585780E056 /* Pods */ = {
			isa = PBXGroup;
			children = (
				2D064EF5540A704F1B88A110 /* Pods-realm-test.debug.xcconfig */,
				EBEE2465F26D3F55078D10BD /* Pods-realm-test.release.xcconfig */,
			);
			path = Pods;
			sourceTree = "<group>";
		};
		976AB38826493493000A5AFD = {
			isa = PBXGroup;
			children = (
				976AB39326493493000A5AFD /* realm-test */,
				97E1F3ED264935A7007011FB /* Sources */,
				976AB39226493493000A5AFD /* Products */,
				3A3E46B8CC6968585780E056 /* Pods */,
				261227B3A588EC9B57D2FB01 /* Frameworks */,
			);
			sourceTree = "<group>";
		};
		976AB39226493493000A5AFD /* Products */ = {
			isa = PBXGroup;
			children = (
				976AB39126493493000A5AFD /* realm-test.app */,
			);
			name = Products;
			sourceTree = "<group>";
		};
		976AB39326493493000A5AFD /* realm-test */ = {
			isa = PBXGroup;
			children = (
				976AB39D26493494000A5AFD /* Assets.xcassets */,
				976AB3A226493494000A5AFD /* Info.plist */,
			);
			path = "realm-test";
			sourceTree = "<group>";
		};
		97E1F3ED264935A7007011FB /* Sources */ = {
			isa = PBXGroup;
			children = (
				97E1F4252649372E007011FB /* Services */,
				97E1F3F0264935F3007011FB /* Models */,
				97E1F3EF264935D3007011FB /* Other */,
				976AB39426493493000A5AFD /* AppDelegate.swift */,
				976AB39626493493000A5AFD /* SceneDelegate.swift */,
			);
			path = Sources;
			sourceTree = "<group>";
		};
		97E1F3EF264935D3007011FB /* Other */ = {
			isa = PBXGroup;
			children = (
				976AB39826493493000A5AFD /* ViewController.swift */,
				976AB39A26493493000A5AFD /* Main.storyboard */,
				976AB39F26493494000A5AFD /* LaunchScreen.storyboard */,
			);
			path = Other;
			sourceTree = "<group>";
		};
		97E1F3F0264935F3007011FB /* Models */ = {
			isa = PBXGroup;
			children = (
				97E1F41F2649365F007011FB /* Entity.swift */,
			);
			path = Models;
			sourceTree = "<group>";
		};
		97E1F4252649372E007011FB /* Services */ = {
			isa = PBXGroup;
			children = (
				97E1F43C26493EA8007011FB /* EntitiesDataService.swift */,
				97E1F42226493727007011FB /* RealmStorage.swift */,
				97E1F4272649375E007011FB /* RealmStorage+Version.swift */,
			);
			path = Services;
			sourceTree = "<group>";
		};
/* End PBXGroup section */

/* Begin PBXNativeTarget section */
		976AB39026493493000A5AFD /* realm-test */ = {
			isa = PBXNativeTarget;
			buildConfigurationList = 976AB3A526493494000A5AFD /* Build configuration list for PBXNativeTarget "realm-test" */;
			buildPhases = (
				62EAA40DCDB49B99AE766D12 /* [CP] Check Pods Manifest.lock */,
				976AB38D26493493000A5AFD /* Sources */,
				976AB38E26493493000A5AFD /* Frameworks */,
				976AB38F26493493000A5AFD /* Resources */,
				E028B5F040929E325E445A53 /* [CP] Embed Pods Frameworks */,
			);
			buildRules = (
			);
			dependencies = (
			);
			name = "realm-test";
			productName = "realm-test";
			productReference = 976AB39126493493000A5AFD /* realm-test.app */;
			productType = "com.apple.product-type.application";
		};
/* End PBXNativeTarget section */

/* Begin PBXProject section */
		976AB38926493493000A5AFD /* Project object */ = {
			isa = PBXProject;
			attributes = {
				LastSwiftUpdateCheck = 1240;
				LastUpgradeCheck = 1240;
				TargetAttributes = {
					976AB39026493493000A5AFD = {
						CreatedOnToolsVersion = 12.4;
					};
				};
			};
			buildConfigurationList = 976AB38C26493493000A5AFD /* Build configuration list for PBXProject "realm-test" */;
			compatibilityVersion = "Xcode 9.3";
			developmentRegion = en;
			hasScannedForEncodings = 0;
			knownRegions = (
				en,
				Base,
			);
			mainGroup = 976AB38826493493000A5AFD;
			productRefGroup = 976AB39226493493000A5AFD /* Products */;
			projectDirPath = "";
			projectRoot = "";
			targets = (
				976AB39026493493000A5AFD /* realm-test */,
			);
		};
/* End PBXProject section */

/* Begin PBXResourcesBuildPhase section */
		976AB38F26493493000A5AFD /* Resources */ = {
			isa = PBXResourcesBuildPhase;
			buildActionMask = 2147483647;
			files = (
				976AB3A126493494000A5AFD /* LaunchScreen.storyboard in Resources */,
				976AB39E26493494000A5AFD /* Assets.xcassets in Resources */,
				976AB39C26493493000A5AFD /* Main.storyboard in Resources */,
			);
			runOnlyForDeploymentPostprocessing = 0;
		};
/* End PBXResourcesBuildPhase section */

/* Begin PBXShellScriptBuildPhase section */
		62EAA40DCDB49B99AE766D12 /* [CP] Check Pods Manifest.lock */ = {
			isa = PBXShellScriptBuildPhase;
			buildActionMask = 2147483647;
			files = (
			);
			inputFileListPaths = (
			);
			inputPaths = (
				"${PODS_PODFILE_DIR_PATH}/Podfile.lock",
				"${PODS_ROOT}/Manifest.lock",
			);
			name = "[CP] Check Pods Manifest.lock";
			outputFileListPaths = (
			);
			outputPaths = (
				"$(DERIVED_FILE_DIR)/Pods-realm-test-checkManifestLockResult.txt",
			);
			runOnlyForDeploymentPostprocessing = 0;
			shellPath = /bin/sh;
			shellScript = "diff \"${PODS_PODFILE_DIR_PATH}/Podfile.lock\" \"${PODS_ROOT}/Manifest.lock\" > /dev/null\nif [ $? != 0 ] ; then\n    # print error to STDERR\n    echo \"error: The sandbox is not in sync with the Podfile.lock. Run 'pod install' or update your CocoaPods installation.\" >&2\n    exit 1\nfi\n# This output is used by Xcode 'outputs' to avoid re-running this script phase.\necho \"SUCCESS\" > \"${SCRIPT_OUTPUT_FILE_0}\"\n";
			showEnvVarsInLog = 0;
		};
		E028B5F040929E325E445A53 /* [CP] Embed Pods Frameworks */ = {
			isa = PBXShellScriptBuildPhase;
			buildActionMask = 2147483647;
			files = (
			);
			inputFileListPaths = (
				"${PODS_ROOT}/Target Support Files/Pods-realm-test/Pods-realm-test-frameworks-${CONFIGURATION}-input-files.xcfilelist",
			);
			name = "[CP] Embed Pods Frameworks";
			outputFileListPaths = (
				"${PODS_ROOT}/Target Support Files/Pods-realm-test/Pods-realm-test-frameworks-${CONFIGURATION}-output-files.xcfilelist",
			);
			runOnlyForDeploymentPostprocessing = 0;
			shellPath = /bin/sh;
			shellScript = "\"${PODS_ROOT}/Target Support Files/Pods-realm-test/Pods-realm-test-frameworks.sh\"\n";
			showEnvVarsInLog = 0;
		};
/* End PBXShellScriptBuildPhase section */

/* Begin PBXSourcesBuildPhase section */
		976AB38D26493493000A5AFD /* Sources */ = {
			isa = PBXSourcesBuildPhase;
			buildActionMask = 2147483647;
			files = (
				976AB39926493493000A5AFD /* ViewController.swift in Sources */,
				97E1F4282649375E007011FB /* RealmStorage+Version.swift in Sources */,
				976AB39526493493000A5AFD /* AppDelegate.swift in Sources */,
				97E1F4202649365F007011FB /* Entity.swift in Sources */,
				976AB39726493493000A5AFD /* SceneDelegate.swift in Sources */,
				97E1F43D26493EA8007011FB /* EntitiesDataService.swift in Sources */,
				97E1F42326493727007011FB /* RealmStorage.swift in Sources */,
			);
			runOnlyForDeploymentPostprocessing = 0;
		};
/* End PBXSourcesBuildPhase section */

/* Begin PBXVariantGroup section */
		976AB39A26493493000A5AFD /* Main.storyboard */ = {
			isa = PBXVariantGroup;
			children = (
				976AB39B26493493000A5AFD /* Base */,
			);
			name = Main.storyboard;
			sourceTree = "<group>";
		};
		976AB39F26493494000A5AFD /* LaunchScreen.storyboard */ = {
			isa = PBXVariantGroup;
			children = (
				976AB3A026493494000A5AFD /* Base */,
			);
			name = LaunchScreen.storyboard;
			sourceTree = "<group>";
		};
/* End PBXVariantGroup section */

/* Begin XCBuildConfiguration section */
		976AB3A326493494000A5AFD /* Debug */ = {
			isa = XCBuildConfiguration;
			buildSettings = {
				ALWAYS_SEARCH_USER_PATHS = NO;
				CLANG_ANALYZER_NONNULL = YES;
				CLANG_ANALYZER_NUMBER_OBJECT_CONVERSION = YES_AGGRESSIVE;
				CLANG_CXX_LANGUAGE_STANDARD = "gnu++14";
				CLANG_CXX_LIBRARY = "libc++";
				CLANG_ENABLE_MODULES = YES;
				CLANG_ENABLE_OBJC_ARC = YES;
				CLANG_ENABLE_OBJC_WEAK = YES;
				CLANG_WARN_BLOCK_CAPTURE_AUTORELEASING = YES;
				CLANG_WARN_BOOL_CONVERSION = YES;
				CLANG_WARN_COMMA = YES;
				CLANG_WARN_CONSTANT_CONVERSION = YES;
				CLANG_WARN_DEPRECATED_OBJC_IMPLEMENTATIONS = YES;
				CLANG_WARN_DIRECT_OBJC_ISA_USAGE = YES_ERROR;
				CLANG_WARN_DOCUMENTATION_COMMENTS = YES;
				CLANG_WARN_EMPTY_BODY = YES;
				CLANG_WARN_ENUM_CONVERSION = YES;
				CLANG_WARN_INFINITE_RECURSION = YES;
				CLANG_WARN_INT_CONVERSION = YES;
				CLANG_WARN_NON_LITERAL_NULL_CONVERSION = YES;
				CLANG_WARN_OBJC_IMPLICIT_RETAIN_SELF = YES;
				CLANG_WARN_OBJC_LITERAL_CONVERSION = YES;
				CLANG_WARN_OBJC_ROOT_CLASS = YES_ERROR;
				CLANG_WARN_QUOTED_INCLUDE_IN_FRAMEWORK_HEADER = YES;
				CLANG_WARN_RANGE_LOOP_ANALYSIS = YES;
				CLANG_WARN_STRICT_PROTOTYPES = YES;
				CLANG_WARN_SUSPICIOUS_MOVE = YES;
				CLANG_WARN_UNGUARDED_AVAILABILITY = YES_AGGRESSIVE;
				CLANG_WARN_UNREACHABLE_CODE = YES;
				CLANG_WARN__DUPLICATE_METHOD_MATCH = YES;
				COPY_PHASE_STRIP = NO;
				DEBUG_INFORMATION_FORMAT = dwarf;
				ENABLE_STRICT_OBJC_MSGSEND = YES;
				ENABLE_TESTABILITY = YES;
				GCC_C_LANGUAGE_STANDARD = gnu11;
				GCC_DYNAMIC_NO_PIC = NO;
				GCC_NO_COMMON_BLOCKS = YES;
				GCC_OPTIMIZATION_LEVEL = 0;
				GCC_PREPROCESSOR_DEFINITIONS = (
					"DEBUG=1",
					"$(inherited)",
				);
				GCC_WARN_64_TO_32_BIT_CONVERSION = YES;
				GCC_WARN_ABOUT_RETURN_TYPE = YES_ERROR;
				GCC_WARN_UNDECLARED_SELECTOR = YES;
				GCC_WARN_UNINITIALIZED_AUTOS = YES_AGGRESSIVE;
				GCC_WARN_UNUSED_FUNCTION = YES;
				GCC_WARN_UNUSED_VARIABLE = YES;
				IPHONEOS_DEPLOYMENT_TARGET = 13.0;
				MTL_ENABLE_DEBUG_INFO = INCLUDE_SOURCE;
				MTL_FAST_MATH = YES;
				ONLY_ACTIVE_ARCH = YES;
				SDKROOT = iphoneos;
				SWIFT_ACTIVE_COMPILATION_CONDITIONS = DEBUG;
				SWIFT_OPTIMIZATION_LEVEL = "-Onone";
			};
			name = Debug;
		};
		976AB3A426493494000A5AFD /* Release */ = {
			isa = XCBuildConfiguration;
			buildSettings = {
				ALWAYS_SEARCH_USER_PATHS = NO;
				CLANG_ANALYZER_NONNULL = YES;
				CLANG_ANALYZER_NUMBER_OBJECT_CONVERSION = YES_AGGRESSIVE;
				CLANG_CXX_LANGUAGE_STANDARD = "gnu++14";
				CLANG_CXX_LIBRARY = "libc++";
				CLANG_ENABLE_MODULES = YES;
				CLANG_ENABLE_OBJC_ARC = YES;
				CLANG_ENABLE_OBJC_WEAK = YES;
				CLANG_WARN_BLOCK_CAPTURE_AUTORELEASING = YES;
				CLANG_WARN_BOOL_CONVERSION = YES;
				CLANG_WARN_COMMA = YES;
				CLANG_WARN_CONSTANT_CONVERSION = YES;
				CLANG_WARN_DEPRECATED_OBJC_IMPLEMENTATIONS = YES;
				CLANG_WARN_DIRECT_OBJC_ISA_USAGE = YES_ERROR;
				CLANG_WARN_DOCUMENTATION_COMMENTS = YES;
				CLANG_WARN_EMPTY_BODY = YES;
				CLANG_WARN_ENUM_CONVERSION = YES;
				CLANG_WARN_INFINITE_RECURSION = YES;
				CLANG_WARN_INT_CONVERSION = YES;
				CLANG_WARN_NON_LITERAL_NULL_CONVERSION = YES;
				CLANG_WARN_OBJC_IMPLICIT_RETAIN_SELF = YES;
				CLANG_WARN_OBJC_LITERAL_CONVERSION = YES;
				CLANG_WARN_OBJC_ROOT_CLASS = YES_ERROR;
				CLANG_WARN_QUOTED_INCLUDE_IN_FRAMEWORK_HEADER = YES;
				CLANG_WARN_RANGE_LOOP_ANALYSIS = YES;
				CLANG_WARN_STRICT_PROTOTYPES = YES;
				CLANG_WARN_SUSPICIOUS_MOVE = YES;
				CLANG_WARN_UNGUARDED_AVAILABILITY = YES_AGGRESSIVE;
				CLANG_WARN_UNREACHABLE_CODE = YES;
				CLANG_WARN__DUPLICATE_METHOD_MATCH = YES;
				COPY_PHASE_STRIP = NO;
				DEBUG_INFORMATION_FORMAT = "dwarf-with-dsym";
				ENABLE_NS_ASSERTIONS = NO;
				ENABLE_STRICT_OBJC_MSGSEND = YES;
				GCC_C_LANGUAGE_STANDARD = gnu11;
				GCC_NO_COMMON_BLOCKS = YES;
				GCC_WARN_64_TO_32_BIT_CONVERSION = YES;
				GCC_WARN_ABOUT_RETURN_TYPE = YES_ERROR;
				GCC_WARN_UNDECLARED_SELECTOR = YES;
				GCC_WARN_UNINITIALIZED_AUTOS = YES_AGGRESSIVE;
				GCC_WARN_UNUSED_FUNCTION = YES;
				GCC_WARN_UNUSED_VARIABLE = YES;
				IPHONEOS_DEPLOYMENT_TARGET = 13.0;
				MTL_ENABLE_DEBUG_INFO = NO;
				MTL_FAST_MATH = YES;
				SDKROOT = iphoneos;
				SWIFT_COMPILATION_MODE = wholemodule;
				SWIFT_OPTIMIZATION_LEVEL = "-O";
				VALIDATE_PRODUCT = YES;
			};
			name = Release;
		};
		976AB3A626493494000A5AFD /* Debug */ = {
			isa = XCBuildConfiguration;
			baseConfigurationReference = 2D064EF5540A704F1B88A110 /* Pods-realm-test.debug.xcconfig */;
			buildSettings = {
				ASSETCATALOG_COMPILER_APPICON_NAME = AppIcon;
				ASSETCATALOG_COMPILER_GLOBAL_ACCENT_COLOR_NAME = AccentColor;
				CODE_SIGN_STYLE = Automatic;
				DEVELOPMENT_TEAM = MS3LY2W55D;
				INFOPLIST_FILE = "realm-test/Info.plist";
				IPHONEOS_DEPLOYMENT_TARGET = 13.0;
				LD_RUNPATH_SEARCH_PATHS = (
					"$(inherited)",
					"@executable_path/Frameworks",
				);
				PRODUCT_BUNDLE_IDENTIFIER = "com.test.realm-test";
				PRODUCT_NAME = "$(TARGET_NAME)";
				SWIFT_VERSION = 5.0;
				TARGETED_DEVICE_FAMILY = 1;
			};
			name = Debug;
		};
		976AB3A726493494000A5AFD /* Release */ = {
			isa = XCBuildConfiguration;
			baseConfigurationReference = EBEE2465F26D3F55078D10BD /* Pods-realm-test.release.xcconfig */;
			buildSettings = {
				ASSETCATALOG_COMPILER_APPICON_NAME = AppIcon;
				ASSETCATALOG_COMPILER_GLOBAL_ACCENT_COLOR_NAME = AccentColor;
				CODE_SIGN_STYLE = Automatic;
				DEVELOPMENT_TEAM = MS3LY2W55D;
				INFOPLIST_FILE = "realm-test/Info.plist";
				IPHONEOS_DEPLOYMENT_TARGET = 13.0;
				LD_RUNPATH_SEARCH_PATHS = (
					"$(inherited)",
					"@executable_path/Frameworks",
				);
				PRODUCT_BUNDLE_IDENTIFIER = "com.test.realm-test";
				PRODUCT_NAME = "$(TARGET_NAME)";
				SWIFT_VERSION = 5.0;
				TARGETED_DEVICE_FAMILY = 1;
			};
			name = Release;
		};
/* End XCBuildConfiguration section */

/* Begin XCConfigurationList section */
		976AB38C26493493000A5AFD /* Build configuration list for PBXProject "realm-test" */ = {
			isa = XCConfigurationList;
			buildConfigurations = (
				976AB3A326493494000A5AFD /* Debug */,
				976AB3A426493494000A5AFD /* Release */,
			);
			defaultConfigurationIsVisible = 0;
			defaultConfigurationName = Release;
		};
		976AB3A526493494000A5AFD /* Build configuration list for PBXNativeTarget "realm-test" */ = {
			isa = XCConfigurationList;
			buildConfigurations = (
				976AB3A626493494000A5AFD /* Debug */,
				976AB3A726493494000A5AFD /* Release */,
			);
			defaultConfigurationIsVisible = 0;
			defaultConfigurationName = Release;
		};
/* End XCConfigurationList section */
	};
	rootObject = 976AB38926493493000A5AFD /* Project object */;
}
